{
  "version": 4,
  "terraform_version": "1.4.6",
  "serial": 16,
  "lineage": "94f84564-4ec4-cb84-d4d2-15f0340dc011",
  "outputs": {
    "name": {
      "value": "Terraform-Web-Instance",
      "type": "string"
    },
    "public_ip": {
      "value": "18.222.140.197",
      "type": "string"
    }
  },
  "resources": [
    {
      "mode": "managed",
      "type": "aws_instance",
      "name": "web",
      "provider": "provider[\"registry.terraform.io/hashicorp/aws\"]",
      "instances": [
        {
          "schema_version": 1,
          "attributes": {
            "ami": "ami-0c55b159cbfafe1f0",
            "arn": "arn:aws:ec2:us-east-2:140009082090:instance/i-02a650765e1833832",
            "associate_public_ip_address": true,
            "availability_zone": "us-east-2c",
            "capacity_reservation_specification": [
              {
                "capacity_reservation_preference": "open",
                "capacity_reservation_target": []
              }
            ],
            "cpu_core_count": 1,
            "cpu_options": [
              {
                "amd_sev_snp": "",
                "core_count": 1,
                "threads_per_core": 1
              }
            ],
            "cpu_threads_per_core": 1,
            "credit_specification": [
              {
                "cpu_credits": "standard"
              }
            ],
            "disable_api_stop": false,
            "disable_api_termination": false,
            "ebs_block_device": [],
            "ebs_optimized": false,
            "enclave_options": [
              {
                "enabled": false
              }
            ],
            "ephemeral_block_device": [],
            "get_password_data": false,
            "hibernation": false,
            "host_id": "",
            "host_resource_group_arn": null,
            "iam_instance_profile": "",
            "id": "i-02a650765e1833832",
            "instance_initiated_shutdown_behavior": "stop",
            "instance_state": "running",
            "instance_type": "t2.micro",
            "ipv6_address_count": 0,
            "ipv6_addresses": [],
            "key_name": "ssh_key",
            "launch_template": [],
            "maintenance_options": [
              {
                "auto_recovery": "default"
              }
            ],
            "metadata_options": [
              {
                "http_endpoint": "enabled",
                "http_put_response_hop_limit": 1,
                "http_tokens": "optional",
                "instance_metadata_tags": "disabled"
              }
            ],
            "monitoring": false,
            "network_interface": [],
            "outpost_arn": "",
            "password_data": "",
            "placement_group": "",
            "placement_partition_number": 0,
            "primary_network_interface_id": "eni-0697de3acee4fc97f",
            "private_dns": "ip-172-31-32-120.us-east-2.compute.internal",
            "private_dns_name_options": [
              {
                "enable_resource_name_dns_a_record": false,
                "enable_resource_name_dns_aaaa_record": false,
                "hostname_type": "ip-name"
              }
            ],
            "private_ip": "172.31.32.120",
            "public_dns": "ec2-18-222-140-197.us-east-2.compute.amazonaws.com",
            "public_ip": "18.222.140.197",
            "root_block_device": [
              {
                "delete_on_termination": true,
                "device_name": "/dev/sda1",
                "encrypted": false,
                "iops": 100,
                "kms_key_id": "",
                "tags": {},
                "throughput": 0,
                "volume_id": "vol-002db0b13ac14c213",
                "volume_size": 8,
                "volume_type": "gp2"
              }
            ],
            "secondary_private_ips": [],
            "security_groups": [
              "default"
            ],
            "source_dest_check": true,
            "subnet_id": "subnet-0eac81171b2783516",
            "tags": {
              "Name": "Terraform-Web-Instance"
            },
            "tags_all": {
              "Name": "Terraform-Web-Instance"
            },
            "tenancy": "default",
            "timeouts": null,
            "user_data": null,
            "user_data_base64": null,
            "user_data_replace_on_change": false,
            "volume_tags": null,
            "vpc_security_group_ids": [
              "sg-0ca7538cfb3353d72"
            ]
          },
          "sensitive_attributes": [],
          "private": "eyJlMmJmYjczMC1lY2FhLTExZTYtOGY4OC0zNDM2M2JjN2M0YzAiOnsiY3JlYXRlIjo2MDAwMDAwMDAwMDAsImRlbGV0ZSI6MTIwMDAwMDAwMDAwMCwidXBkYXRlIjo2MDAwMDAwMDAwMDB9LCJzY2hlbWFfdmVyc2lvbiI6IjEifQ==",
          "dependencies": [
            "aws_key_pair.ssh"
          ]
        }
      ]
    },
    {
      "mode": "managed",
      "type": "aws_key_pair",
      "name": "ssh",
      "provider": "provider[\"registry.terraform.io/hashicorp/aws\"]",
      "instances": [
        {
          "schema_version": 1,
          "attributes": {
            "arn": "arn:aws:ec2:us-east-2:140009082090:key-pair/ssh_key",
            "fingerprint": "2c:23:ad:27:0a:18:98:76:a3:00:39:f6:f1:e7:0c:19",
            "id": "ssh_key",
            "key_name": "ssh_key",
            "key_name_prefix": "",
            "key_pair_id": "key-00c21f356678daf08",
            "key_type": "rsa",
            "public_key": "ssh-rsa AAAAB3NzaC1yc2EAAAADAQABAAABgQCcNv2yuBXsc3/9gbDGrqvoW2RPQ2K6l6LEYUykyKvDNYxWTtP1peM57dijizhth1ig0mn6AoS3PB83K8ICVu0xy4aYrsBS27A5wytDaCJEARsMq9NWFXV6uYlQbP0ET+TyF6+aqBQdqnbLY+c15onczwq6rkFEsmMvrDnjqbqUqoAKaDYFNRaUSBclsDdkBnmiXdIpFrrpswW8IujPgNROI0URBoyNcLVTvbW9L2WgqHZvWi03v7i9uBn2HdTEQKi1oq1e2+CN5+IoLqQoL8bKhABxSEujvKlo8/ADW9ch7FU4DPC+aZP2hpWw2FZAO4TaCJ30jawPr6pg20//JcDvXoCvH0OMzfoeuiOgKIfumiLS2LD/hqZNbuvpUxJ4PGfBHiUKliTyWscKEPzjLjLps3aYZQMhNmSJbOpFTVIX7xd4rTgpemSIvkVWgaf5dWy0gbL9X8QxlNNPFWboxqMnkjzXG4Hb0ChM4eKq23b3RZpL0JSXq5AJzWfOEfrXRrE= thecr@DESKTOP-FC97ARV",
            "tags": {},
            "tags_all": {}
          },
          "sensitive_attributes": [],
          "private": "eyJzY2hlbWFfdmVyc2lvbiI6IjEifQ=="
        }
      ]
    }
  ],
  "check_results": null
}
